
Microsoft Visual Studio Solution File, Format Version 12.00
# Visual Studio 15
VisualStudioVersion = 15.0.28307.421
MinimumVisualStudioVersion = 10.0.40219.1
Project("{FAE04EC0-301F-11D3-BF4B-00C04F79EFBC}") = "FolderSizeRanker", "FolderSizeRanker\FolderSizeRanker.csproj", "{077C143F-390B-41D0-BC71-C3D994E8BE8C}"
EndProject
Global
	GlobalSection(SolutionConfigurationPlatforms) = preSolution
		Debug|Any CPU = Debug|Any CPU
		Release|Any CPU = Release|Any CPU
	EndGlobalSection
	GlobalSection(ProjectConfigurationPlatforms) = postSolution
		{077C143F-390B-41D0-BC71-C3D994E8BE8C}.Debug|Any CPU.ActiveCfg = Debug|Any CPU
		{077C143F-390B-41D0-BC71-C3D994E8BE8C}.Debug|Any CPU.Build.0 = Debug|Any CPU
		{077C143F-390B-41D0-BC71-C3D994E8BE8C}.Release|Any CPU.ActiveCfg = Release|Any CPU
		{077C143F-390B-41D0-BC71-C3D994E8BE8C}.Release|Any CPU.Build.0 = Release|Any CPU
	EndGlobalSection
	GlobalSection(SolutionProperties) = preSolution
		HideSolutionNode = FALSE
	EndGlobalSection
	GlobalSection(ExtensibilityGlobals) = postSolution
		SolutionGuid = {2B31F6BC-7581-4475-8775-69ACACBB913E}
	EndGlobalSection
EndGlobal
